// !$*UTF8*$!
{
	archiveVersion = 1;
	classes = {
	};
	objectVersion = 46;
	objects = {

/* Begin PBXBuildFile section */
		18F286411975853400EAB23A /* AppDelegate.m in Sources */ = {isa = PBXBuildFile; fileRef = 18F286401975853400EAB23A /* AppDelegate.m */; };
		18F286441975853400EAB23A /* ViewController.m in Sources */ = {isa = PBXBuildFile; fileRef = 18F286431975853400EAB23A /* ViewController.m */; };
		18F286491975853400EAB23A /* Images.xcassets in Resources */ = {isa = PBXBuildFile; fileRef = 18F286481975853400EAB23A /* Images.xcassets */; };
		926859A919F6AF55001C20E5 /* PassKit.framework in Frameworks */ = {isa = PBXBuildFile; fileRef = 926859A819F6AF55001C20E5 /* PassKit.framework */; };
		92EFE02219F95A4F00019468 /* ViewController.m in Sources */ = {isa = PBXBuildFile; fileRef = 18F286431975853400EAB23A /* ViewController.m */; };
		92EFE02319F95A4F00019468 /* main.m in Sources */ = {isa = PBXBuildFile; fileRef = D4F0166319BE8ACC00D7307E /* main.m */; };
		92EFE02419F95A4F00019468 /* AppDelegate.m in Sources */ = {isa = PBXBuildFile; fileRef = 18F286401975853400EAB23A /* AppDelegate.m */; };
		92EFE02E19F95A4F00019468 /* Main.storyboard in Resources */ = {isa = PBXBuildFile; fileRef = 18F286451975853400EAB23A /* Main.storyboard */; };
		92EFE03119F95A4F00019468 /* Images.xcassets in Resources */ = {isa = PBXBuildFile; fileRef = 18F286481975853400EAB23A /* Images.xcassets */; };
		D41C41811A040B7A00BC2AC2 /* InAppSDK.framework in Frameworks */ = {isa = PBXBuildFile; fileRef = D41C417E1A040B7A00BC2AC2 /* InAppSDK.framework */; };
		D41C41821A040B7A00BC2AC2 /* InAppSDK.framework in Frameworks */ = {isa = PBXBuildFile; fileRef = D41C417E1A040B7A00BC2AC2 /* InAppSDK.framework */; };
		D41C41831A040B7A00BC2AC2 /* MockAcadiaAPIs.framework in Frameworks */ = {isa = PBXBuildFile; fileRef = D41C417F1A040B7A00BC2AC2 /* MockAcadiaAPIs.framework */; };
		D41C41851A040B7A00BC2AC2 /* PayeezyClient.framework in Frameworks */ = {isa = PBXBuildFile; fileRef = D41C41801A040B7A00BC2AC2 /* PayeezyClient.framework */; };
		D41C41861A040B7A00BC2AC2 /* PayeezyClient.framework in Frameworks */ = {isa = PBXBuildFile; fileRef = D41C41801A040B7A00BC2AC2 /* PayeezyClient.framework */; };
		D41C41881A04102200BC2AC2 /* MockAcadiaAPIs.framework in Resources */ = {isa = PBXBuildFile; fileRef = D41C417F1A040B7A00BC2AC2 /* MockAcadiaAPIs.framework */; };
		D44F49A3199316AF00D18F17 /* Entitlements.plist in Resources */ = {isa = PBXBuildFile; fileRef = D44F49A2199316AF00D18F17 /* Entitlements.plist */; };
		D4F0166519BE8ACC00D7307E /* main.m in Sources */ = {isa = PBXBuildFile; fileRef = D4F0166319BE8ACC00D7307E /* main.m */; };
		D4F0166619BE8AD700D7307E /* Main.storyboard in Resources */ = {isa = PBXBuildFile; fileRef = 18F286451975853400EAB23A /* Main.storyboard */; };
/* End PBXBuildFile section */

/* Begin PBXFileReference section */
		18F286381975853400EAB23A /* SampleCharge-iPhone6.app */ = {isa = PBXFileReference; explicitFileType = wrapper.application; includeInIndex = 0; path = "SampleCharge-iPhone6.app"; sourceTree = BUILT_PRODUCTS_DIR; };
		18F2863F1975853400EAB23A /* AppDelegate.h */ = {isa = PBXFileReference; lastKnownFileType = sourcecode.c.h; path = AppDelegate.h; sourceTree = "<group>"; };
		18F286401975853400EAB23A /* AppDelegate.m */ = {isa = PBXFileReference; lastKnownFileType = sourcecode.c.objc; path = AppDelegate.m; sourceTree = "<group>"; };
		18F286421975853400EAB23A /* ViewController.h */ = {isa = PBXFileReference; lastKnownFileType = sourcecode.c.h; path = ViewController.h; sourceTree = "<group>"; };
		18F286431975853400EAB23A /* ViewController.m */ = {isa = PBXFileReference; lastKnownFileType = sourcecode.c.objc; path = ViewController.m; sourceTree = "<group>"; };
		18F286461975853400EAB23A /* Base */ = {isa = PBXFileReference; lastKnownFileType = file.storyboard; name = Base; path = Base.lproj/Main.storyboard; sourceTree = "<group>"; };
		18F286481975853400EAB23A /* Images.xcassets */ = {isa = PBXFileReference; lastKnownFileType = folder.assetcatalog; path = Images.xcassets; sourceTree = "<group>"; };
		926859A819F6AF55001C20E5 /* PassKit.framework */ = {isa = PBXFileReference; lastKnownFileType = wrapper.framework; name = PassKit.framework; path = System/Library/Frameworks/PassKit.framework; sourceTree = SDKROOT; };
		92EFE03519F95A4F00019468 /* SampleCharge-Testing.app */ = {isa = PBXFileReference; explicitFileType = wrapper.application; includeInIndex = 0; path = "SampleCharge-Testing.app"; sourceTree = BUILT_PRODUCTS_DIR; };
		D41C417E1A040B7A00BC2AC2 /* InAppSDK.framework */ = {isa = PBXFileReference; lastKnownFileType = wrapper.framework; path = InAppSDK.framework; sourceTree = "<group>"; };
		D41C417F1A040B7A00BC2AC2 /* MockAcadiaAPIs.framework */ = {isa = PBXFileReference; lastKnownFileType = wrapper.framework; path = MockAcadiaAPIs.framework; sourceTree = "<group>"; };
		D41C41801A040B7A00BC2AC2 /* PayeezyClient.framework */ = {isa = PBXFileReference; lastKnownFileType = wrapper.framework; path = PayeezyClient.framework; sourceTree = "<group>"; };
		D44F49A2199316AF00D18F17 /* Entitlements.plist */ = {isa = PBXFileReference; fileEncoding = 4; lastKnownFileType = text.plist.xml; name = Entitlements.plist; path = SampleCharge/Entitlements.plist; sourceTree = "<group>"; };
		D4F0166219BE8ACC00D7307E /* Info.plist */ = {isa = PBXFileReference; fileEncoding = 4; lastKnownFileType = text.plist.xml; name = Info.plist; path = SampleCharge/Info.plist; sourceTree = SOURCE_ROOT; };
		D4F0166319BE8ACC00D7307E /* main.m */ = {isa = PBXFileReference; fileEncoding = 4; lastKnownFileType = sourcecode.c.objc; name = main.m; path = SampleCharge/main.m; sourceTree = SOURCE_ROOT; };
/* End PBXFileReference section */

/* Begin PBXFrameworksBuildPhase section */
		18F286351975853400EAB23A /* Frameworks */ = {
			isa = PBXFrameworksBuildPhase;
			buildActionMask = 2147483647;
			files = (
				D41C41821A040B7A00BC2AC2 /* InAppSDK.framework in Frameworks */,
				D41C41861A040B7A00BC2AC2 /* PayeezyClient.framework in Frameworks */,
				926859A919F6AF55001C20E5 /* PassKit.framework in Frameworks */,
			);
			runOnlyForDeploymentPostprocessing = 0;
		};
		92EFE02519F95A4F00019468 /* Frameworks */ = {
			isa = PBXFrameworksBuildPhase;
			buildActionMask = 2147483647;
			files = (
				D41C41831A040B7A00BC2AC2 /* MockAcadiaAPIs.framework in Frameworks */,
				D41C41851A040B7A00BC2AC2 /* PayeezyClient.framework in Frameworks */,
				D41C41811A040B7A00BC2AC2 /* InAppSDK.framework in Frameworks */,
			);
			runOnlyForDeploymentPostprocessing = 0;
		};
/* End PBXFrameworksBuildPhase section */

/* Begin PBXGroup section */
		18F2862F1975853400EAB23A = {
			isa = PBXGroup;
			children = (
				D44F49A2199316AF00D18F17 /* Entitlements.plist */,
				18F2863A1975853400EAB23A /* SampleCharge */,
				18F286521975853400EAB23A /* Supporting Files */,
				D4F0165B19BE8A7200D7307E /* Frameworks */,
				18F286391975853400EAB23A /* Products */,
			);
			sourceTree = "<group>";
		};
		18F286391975853400EAB23A /* Products */ = {
			isa = PBXGroup;
			children = (
				18F286381975853400EAB23A /* SampleCharge-iPhone6.app */,
				92EFE03519F95A4F00019468 /* SampleCharge-Testing.app */,
			);
			name = Products;
			sourceTree = "<group>";
		};
		18F2863A1975853400EAB23A /* SampleCharge */ = {
			isa = PBXGroup;
			children = (
				18F2863F1975853400EAB23A /* AppDelegate.h */,
				18F286401975853400EAB23A /* AppDelegate.m */,
				18F286421975853400EAB23A /* ViewController.h */,
				18F286431975853400EAB23A /* ViewController.m */,
				18F286451975853400EAB23A /* Main.storyboard */,
				18F286481975853400EAB23A /* Images.xcassets */,
			);
			path = SampleCharge;
			sourceTree = "<group>";
		};
		18F286521975853400EAB23A /* Supporting Files */ = {
			isa = PBXGroup;
			children = (
				D4F0166219BE8ACC00D7307E /* Info.plist */,
				D4F0166319BE8ACC00D7307E /* main.m */,
			);
			name = "Supporting Files";
			path = SampleChargeTests;
			sourceTree = "<group>";
		};
		D4F0165B19BE8A7200D7307E /* Frameworks */ = {
			isa = PBXGroup;
			children = (
				D41C417E1A040B7A00BC2AC2 /* InAppSDK.framework */,
				D41C417F1A040B7A00BC2AC2 /* MockAcadiaAPIs.framework */,
				D41C41801A040B7A00BC2AC2 /* PayeezyClient.framework */,
				926859A819F6AF55001C20E5 /* PassKit.framework */,
			);
			name = Frameworks;
			sourceTree = "<group>";
		};
/* End PBXGroup section */

/* Begin PBXNativeTarget section */
		18F286371975853400EAB23A /* SampleCharge-iPhone6 */ = {
			isa = PBXNativeTarget;
			buildConfigurationList = 18F286581975853400EAB23A /* Build configuration list for PBXNativeTarget "SampleCharge-iPhone6" */;
			buildPhases = (
				18F286341975853400EAB23A /* Sources */,
				18F286351975853400EAB23A /* Frameworks */,
				18F286361975853400EAB23A /* Resources */,
			);
			buildRules = (
			);
			dependencies = (
			);
			name = "SampleCharge-iPhone6";
			productName = SampleCharge;
			productReference = 18F286381975853400EAB23A /* SampleCharge-iPhone6.app */;
			productType = "com.apple.product-type.application";
		};
		92EFE02019F95A4F00019468 /* SampleCharge-Testing */ = {
			isa = PBXNativeTarget;
			buildConfigurationList = 92EFE03219F95A4F00019468 /* Build configuration list for PBXNativeTarget "SampleCharge-Testing" */;
			buildPhases = (
				92EFE02119F95A4F00019468 /* Sources */,
				92EFE02519F95A4F00019468 /* Frameworks */,
				92EFE02B19F95A4F00019468 /* Resources */,
			);
			buildRules = (
			);
			dependencies = (
			);
			name = "SampleCharge-Testing";
			productName = SampleCharge;
			productReference = 92EFE03519F95A4F00019468 /* SampleCharge-Testing.app */;
			productType = "com.apple.product-type.application";
		};
/* End PBXNativeTarget section */

/* Begin PBXProject section */
		18F286301975853400EAB23A /* Project object */ = {
			isa = PBXProject;
			attributes = {
				LastUpgradeCheck = 0610;
				ORGANIZATIONNAME = Apple;
				TargetAttributes = {
					18F286371975853400EAB23A = {
						CreatedOnToolsVersion = 6.0;
						DevelopmentTeam = WB2QVKD95T;
						SystemCapabilities = {
							com.apple.InAppPurchase = {
								enabled = 1;
							};
							com.apple.Keychain = {
								enabled = 0;
							};
							com.apple.OMC = {
								enabled = 1;
							};
							com.apple.Passbook = {
								enabled = 1;
							};
						};
					};
				};
			};
			buildConfigurationList = 18F286331975853400EAB23A /* Build configuration list for PBXProject "SampleCharge" */;
			compatibilityVersion = "Xcode 3.2";
			developmentRegion = English;
			hasScannedForEncodings = 0;
			knownRegions = (
				en,
				Base,
			);
			mainGroup = 18F2862F1975853400EAB23A;
			productRefGroup = 18F286391975853400EAB23A /* Products */;
			projectDirPath = "";
			projectRoot = "";
			targets = (
				92EFE02019F95A4F00019468 /* SampleCharge-Testing */,
				18F286371975853400EAB23A /* SampleCharge-iPhone6 */,
			);
		};
/* End PBXProject section */

/* Begin PBXResourcesBuildPhase section */
		18F286361975853400EAB23A /* Resources */ = {
			isa = PBXResourcesBuildPhase;
			buildActionMask = 2147483647;
			files = (
				D4F0166619BE8AD700D7307E /* Main.storyboard in Resources */,
				D44F49A3199316AF00D18F17 /* Entitlements.plist in Resources */,
				18F286491975853400EAB23A /* Images.xcassets in Resources */,
			);
			runOnlyForDeploymentPostprocessing = 0;
		};
		92EFE02B19F95A4F00019468 /* Resources */ = {
			isa = PBXResourcesBuildPhase;
			buildActionMask = 2147483647;
			files = (
				D41C41881A04102200BC2AC2 /* MockAcadiaAPIs.framework in Resources */,
				92EFE02E19F95A4F00019468 /* Main.storyboard in Resources */,
				92EFE03119F95A4F00019468 /* Images.xcassets in Resources */,
			);
			runOnlyForDeploymentPostprocessing = 0;
		};
/* End PBXResourcesBuildPhase section */

/* Begin PBXSourcesBuildPhase section */
		18F286341975853400EAB23A /* Sources */ = {
			isa = PBXSourcesBuildPhase;
			buildActionMask = 2147483647;
			files = (
				18F286441975853400EAB23A /* ViewController.m in Sources */,
				D4F0166519BE8ACC00D7307E /* main.m in Sources */,
				18F286411975853400EAB23A /* AppDelegate.m in Sources */,
			);
			runOnlyForDeploymentPostprocessing = 0;
		};
		92EFE02119F95A4F00019468 /* Sources */ = {
			isa = PBXSourcesBuildPhase;
			buildActionMask = 2147483647;
			files = (
				92EFE02219F95A4F00019468 /* ViewController.m in Sources */,
				92EFE02319F95A4F00019468 /* main.m in Sources */,
				92EFE02419F95A4F00019468 /* AppDelegate.m in Sources */,
			);
			runOnlyForDeploymentPostprocessing = 0;
		};
/* End PBXSourcesBuildPhase section */

/* Begin PBXVariantGroup section */
		18F286451975853400EAB23A /* Main.storyboard */ = {
			isa = PBXVariantGroup;
			children = (
				18F286461975853400EAB23A /* Base */,
			);
			name = Main.storyboard;
			sourceTree = "<group>";
		};
/* End PBXVariantGroup section */

/* Begin XCBuildConfiguration section */
		18F286561975853400EAB23A /* Debug */ = {
			isa = XCBuildConfiguration;
			buildSettings = {
				ALWAYS_SEARCH_USER_PATHS = NO;
				CLANG_CXX_LANGUAGE_STANDARD = "gnu++0x";
				CLANG_CXX_LIBRARY = "libc++";
				CLANG_ENABLE_MODULES = YES;
				CLANG_ENABLE_OBJC_ARC = YES;
				CLANG_WARN_BOOL_CONVERSION = YES;
				CLANG_WARN_CONSTANT_CONVERSION = YES;
				CLANG_WARN_DIRECT_OBJC_ISA_USAGE = YES_ERROR;
				CLANG_WARN_EMPTY_BODY = YES;
				CLANG_WARN_ENUM_CONVERSION = YES;
				CLANG_WARN_INT_CONVERSION = YES;
				CLANG_WARN_OBJC_ROOT_CLASS = YES_ERROR;
				CLANG_WARN_UNREACHABLE_CODE = YES;
				CLANG_WARN__DUPLICATE_METHOD_MATCH = YES;
				CODE_SIGN_ENTITLEMENTS = SampleCharge/Entitlements.plist;
				CODE_SIGN_IDENTITY = "iPhone Developer";
				"CODE_SIGN_IDENTITY[sdk=iphoneos*]" = "iPhone Developer";
				COPY_PHASE_STRIP = NO;
				ENABLE_STRICT_OBJC_MSGSEND = YES;
				GCC_C_LANGUAGE_STANDARD = gnu99;
				GCC_DYNAMIC_NO_PIC = NO;
				GCC_OPTIMIZATION_LEVEL = 0;
				GCC_PREPROCESSOR_DEFINITIONS = (
					"DEBUG=1",
					"$(inherited)",
				);
				GCC_SYMBOLS_PRIVATE_EXTERN = NO;
				GCC_WARN_64_TO_32_BIT_CONVERSION = YES;
				GCC_WARN_ABOUT_RETURN_TYPE = YES_ERROR;
				GCC_WARN_UNDECLARED_SELECTOR = YES;
				GCC_WARN_UNINITIALIZED_AUTOS = YES_AGGRESSIVE;
				GCC_WARN_UNUSED_FUNCTION = YES;
				GCC_WARN_UNUSED_VARIABLE = YES;
				IPHONEOS_DEPLOYMENT_TARGET = 8.1;
				MTL_ENABLE_DEBUG_INFO = YES;
				ONLY_ACTIVE_ARCH = YES;
				PROVISIONING_PROFILE = "";
				SDKROOT = iphoneos;
				TARGETED_DEVICE_FAMILY = "1,2";
			};
			name = Debug;
		};
		18F286571975853400EAB23A /* Release */ = {
			isa = XCBuildConfiguration;
			buildSettings = {
				ALWAYS_SEARCH_USER_PATHS = NO;
				CLANG_CXX_LANGUAGE_STANDARD = "gnu++0x";
				CLANG_CXX_LIBRARY = "libc++";
				CLANG_ENABLE_MODULES = YES;
				CLANG_ENABLE_OBJC_ARC = YES;
				CLANG_WARN_BOOL_CONVERSION = YES;
				CLANG_WARN_CONSTANT_CONVERSION = YES;
				CLANG_WARN_DIRECT_OBJC_ISA_USAGE = YES_ERROR;
				CLANG_WARN_EMPTY_BODY = YES;
				CLANG_WARN_ENUM_CONVERSION = YES;
				CLANG_WARN_INT_CONVERSION = YES;
				CLANG_WARN_OBJC_ROOT_CLASS = YES_ERROR;
				CLANG_WARN_UNREACHABLE_CODE = YES;
				CLANG_WARN__DUPLICATE_METHOD_MATCH = YES;
				CODE_SIGN_ENTITLEMENTS = SampleCharge/Entitlements.plist;
				CODE_SIGN_IDENTITY = "iPhone Developer";
				"CODE_SIGN_IDENTITY[sdk=iphoneos*]" = "iPhone Developer";
				COPY_PHASE_STRIP = YES;
				ENABLE_NS_ASSERTIONS = NO;
				ENABLE_STRICT_OBJC_MSGSEND = YES;
				GCC_C_LANGUAGE_STANDARD = gnu99;
				GCC_WARN_64_TO_32_BIT_CONVERSION = YES;
				GCC_WARN_ABOUT_RETURN_TYPE = YES_ERROR;
				GCC_WARN_UNDECLARED_SELECTOR = YES;
				GCC_WARN_UNINITIALIZED_AUTOS = YES_AGGRESSIVE;
				GCC_WARN_UNUSED_FUNCTION = YES;
				GCC_WARN_UNUSED_VARIABLE = YES;
				IPHONEOS_DEPLOYMENT_TARGET = 8.1;
				MTL_ENABLE_DEBUG_INFO = NO;
				PROVISIONING_PROFILE = "";
				SDKROOT = iphoneos;
				TARGETED_DEVICE_FAMILY = "1,2";
				VALIDATE_PRODUCT = YES;
			};
			name = Release;
		};
		18F286591975853400EAB23A /* Debug */ = {
			isa = XCBuildConfiguration;
			buildSettings = {
				ASSETCATALOG_COMPILER_APPICON_NAME = AppIcon;
				ASSETCATALOG_COMPILER_LAUNCHIMAGE_NAME = LaunchImage;
				CLANG_ENABLE_MODULES = YES;
				CODE_SIGN_IDENTITY = "iPhone Developer";
				"CODE_SIGN_IDENTITY[sdk=iphoneos*]" = "iPhone Developer";
				FD_TARGET_PROD = 1;
				FRAMEWORK_SEARCH_PATHS = (
					"$(inherited)",
					"$(PROJECT_DIR)",
				);
				GCC_PRECOMPILE_PREFIX_HEADER = YES;
				GCC_PREFIX_HEADER = "";
				GCC_PREPROCESSOR_DEFINITIONS = "";
				INFOPLIST_FILE = SampleCharge/Info.plist;
				LD_RUNPATH_SEARCH_PATHS = "$(inherited) @executable_path/Frameworks";
				ONLY_ACTIVE_ARCH = NO;
				OTHER_CFLAGS = "";
				OTHER_LDFLAGS = "-ObjC";
				PRODUCT_NAME = "$(TARGET_NAME)";
				PROVISIONING_PROFILE = "";
				SYMROOT = buildProd;
			};
			name = Debug;
		};
		18F2865A1975853400EAB23A /* Release */ = {
			isa = XCBuildConfiguration;
			buildSettings = {
				ASSETCATALOG_COMPILER_APPICON_NAME = AppIcon;
				ASSETCATALOG_COMPILER_LAUNCHIMAGE_NAME = LaunchImage;
				CLANG_ENABLE_MODULES = YES;
				CODE_SIGN_IDENTITY = "iPhone Developer";
				"CODE_SIGN_IDENTITY[sdk=iphoneos*]" = "iPhone Developer";
				FD_TARGET_PROD = 1;
				FRAMEWORK_SEARCH_PATHS = (
					"$(inherited)",
					"$(PROJECT_DIR)",
				);
				GCC_PRECOMPILE_PREFIX_HEADER = YES;
				GCC_PREFIX_HEADER = "";
				GCC_PREPROCESSOR_DEFINITIONS = "";
				INFOPLIST_FILE = SampleCharge/Info.plist;
				LD_RUNPATH_SEARCH_PATHS = "$(inherited) @executable_path/Frameworks";
				OTHER_CFLAGS = "";
				OTHER_LDFLAGS = "-ObjC";
				PRODUCT_NAME = "$(TARGET_NAME)";
				PROVISIONING_PROFILE = "";
				SYMROOT = buildProd;
			};
			name = Release;
		};
		92EFE03319F95A4F00019468 /* Debug */ = {
			isa = XCBuildConfiguration;
			buildSettings = {
				ASSETCATALOG_COMPILER_APPICON_NAME = AppIcon;
				ASSETCATALOG_COMPILER_LAUNCHIMAGE_NAME = LaunchImage;
				CLANG_ENABLE_MODULES = YES;
				CODE_SIGN_ENTITLEMENTS = "";
				CODE_SIGN_IDENTITY = "iPhone Developer";
				"CODE_SIGN_IDENTITY[sdk=iphoneos*]" = "iPhone Developer";
				FD_TARGET_TESTING = 1;
				FRAMEWORK_SEARCH_PATHS = (
					"$(inherited)",
					"$(PROJECT_DIR)",
				);
				GCC_PRECOMPILE_PREFIX_HEADER = YES;
				GCC_PREFIX_HEADER = "";
				GCC_PREPROCESSOR_DEFINITIONS = (
					"FD_TESTING=1",
					"DEBUG=1",
				);
				INFOPLIST_FILE = "$(SRCROOT)/SampleCharge/SampleChargeTest-Info.plist";
				LD_RUNPATH_SEARCH_PATHS = "$(inherited) @executable_path/Frameworks";
				ONLY_ACTIVE_ARCH = NO;
				OTHER_LDFLAGS = "-ObjC";
				PRODUCT_NAME = "SampleCharge-Testing";
				PROVISIONING_PROFILE = "";
				SYMROOT = buildTest;
			};
			name = Debug;
		};
		92EFE03419F95A4F00019468 /* Release */ = {
			isa = XCBuildConfiguration;
			buildSettings = {
				ASSETCATALOG_COMPILER_APPICON_NAME = AppIcon;
				ASSETCATALOG_COMPILER_LAUNCHIMAGE_NAME = LaunchImage;
				CLANG_ENABLE_MODULES = YES;
				CODE_SIGN_ENTITLEMENTS = "";
				CODE_SIGN_IDENTITY = "iPhone Developer";
				"CODE_SIGN_IDENTITY[sdk=iphoneos*]" = "iPhone Developer";
				FD_TARGET_TESTING = 1;
				FRAMEWORK_SEARCH_PATHS = (
					"$(inherited)",
					"$(PROJECT_DIR)",
				);
				GCC_PRECOMPILE_PREFIX_HEADER = YES;
				GCC_PREFIX_HEADER = "";
				GCC_PREPROCESSOR_DEFINITIONS = "FD_TESTING=1";
				INFOPLIST_FILE = "$(SRCROOT)/SampleCharge/SampleChargeTest-Info.plist";
				LD_RUNPATH_SEARCH_PATHS = "$(inherited) @executable_path/Frameworks";
				OTHER_LDFLAGS = "-ObjC";
				PRODUCT_NAME = "SampleCharge-Testing";
				PROVISIONING_PROFILE = "";
				SYMROOT = buildTest;
			};
			name = Release;
		};
/* End XCBuildConfiguration section */

/* Begin XCConfigurationList section */
		18F286331975853400EAB23A /* Build configuration list for PBXProject "SampleCharge" */ = {
			isa = XCConfigurationList;
			buildConfigurations = (
				18F286561975853400EAB23A /* Debug */,
				18F286571975853400EAB23A /* Release */,
			);
			defaultConfigurationIsVisible = 0;
			defaultConfigurationName = Release;
		};
		18F286581975853400EAB23A /* Build configuration list for PBXNativeTarget "SampleCharge-iPhone6" */ = {
			isa = XCConfigurationList;
			buildConfigurations = (
				18F286591975853400EAB23A /* Debug */,
				18F2865A1975853400EAB23A /* Release */,
			);
			defaultConfigurationIsVisible = 0;
			defaultConfigurationName = Release;
		};
		92EFE03219F95A4F00019468 /* Build configuration list for PBXNativeTarget "SampleCharge-Testing" */ = {
			isa = XCConfigurationList;
			buildConfigurations = (
				92EFE03319F95A4F00019468 /* Debug */,
				92EFE03419F95A4F00019468 /* Release */,
			);
			defaultConfigurationIsVisible = 0;
			defaultConfigurationName = Release;
		};
/* End XCConfigurationList section */
	};
	rootObject = 18F286301975853400EAB23A /* Project object */;
}
